
Microsoft Visual Studio Solution File, Format Version 12.00
# Visual Studio 15
VisualStudioVersion = 15.0.27130.2020
MinimumVisualStudioVersion = 10.0.40219.1
Project("{FAE04EC0-301F-11D3-BF4B-00C04F79EFBC}") = "Constructors", "Constructors\Constructors.csproj", "{A3E302BD-86BA-4BC8-A1A3-D6C7B1D17F4A}"
EndProject
Global
	GlobalSection(SolutionConfigurationPlatforms) = preSolution
		Debug|Any CPU = Debug|Any CPU
		Release|Any CPU = Release|Any CPU
	EndGlobalSection
	GlobalSection(ProjectConfigurationPlatforms) = postSolution
		{A3E302BD-86BA-4BC8-A1A3-D6C7B1D17F4A}.Debug|Any CPU.ActiveCfg = Debug|Any CPU
		{A3E302BD-86BA-4BC8-A1A3-D6C7B1D17F4A}.Debug|Any CPU.Build.0 = Debug|Any CPU
		{A3E302BD-86BA-4BC8-A1A3-D6C7B1D17F4A}.Release|Any CPU.ActiveCfg = Release|Any CPU
		{A3E302BD-86BA-4BC8-A1A3-D6C7B1D17F4A}.Release|Any CPU.Build.0 = Release|Any CPU
	EndGlobalSection
	GlobalSection(SolutionProperties) = preSolution
		HideSolutionNode = FALSE
	EndGlobalSection
	GlobalSection(ExtensibilityGlobals) = postSolution
		SolutionGuid = {79E7195F-9C32-4766-AEC4-BE1DD021C53B}
	EndGlobalSection
EndGlobal
